
Microsoft Visual Studio Solution File, Format Version 12.00
# Visual Studio Version 17
VisualStudioVersion = 17.1.32210.238
MinimumVisualStudioVersion = 10.0.40219.1
Project("{9A19103F-16F7-4668-BE54-9A1E7A4F7556}") = "ConsoleApp1", "ConsoleApp1\ConsoleApp1.csproj", "{77E3C13A-1C18-455D-A799-21DAFA6C5495}"
EndProject
Project("{2150E333-8FDC-42A3-9474-1A3956D46DE8}") = "Appcore", "Appcore", "{96B0A8A6-CDB1-4F11-A0BB-1FFDAC0A1BDD}"
EndProject
Global
	GlobalSection(SolutionConfigurationPlatforms) = preSolution
		Debug|Any CPU = Debug|Any CPU
		Release|Any CPU = Release|Any CPU
	EndGlobalSection
	GlobalSection(ProjectConfigurationPlatforms) = postSolution
		{77E3C13A-1C18-455D-A799-21DAFA6C5495}.Debug|Any CPU.ActiveCfg = Debug|Any CPU
		{77E3C13A-1C18-455D-A799-21DAFA6C5495}.Debug|Any CPU.Build.0 = Debug|Any CPU
		{77E3C13A-1C18-455D-A799-21DAFA6C5495}.Release|Any CPU.ActiveCfg = Release|Any CPU
		{77E3C13A-1C18-455D-A799-21DAFA6C5495}.Release|Any CPU.Build.0 = Release|Any CPU
	EndGlobalSection
	GlobalSection(SolutionProperties) = preSolution
		HideSolutionNode = FALSE
	EndGlobalSection
	GlobalSection(ExtensibilityGlobals) = postSolution
		SolutionGuid = {388B52CD-97E8-4154-B010-0F9EC07500CB}
	EndGlobalSection
EndGlobal
